lockfileVersion: '9.0'

settings:
  autoInstallPeers: true
  excludeLinksFromLockfile: false

importers:

  .:
    dependencies:
      '@supabase/supabase-js':
        specifier: ^2.45.6
        version: 2.45.6

packages:

  '@supabase/auth-js@2.65.1':
    resolution: {integrity: sha512-IA7i2Xq2SWNCNMKxwmPlHafBQda0qtnFr8QnyyBr+KaSxoXXqEzFCnQ1dGTy6bsZjVBgXu++o3qrDypTspaAPw==}

  '@supabase/functions-js@2.4.3':
    resolution: {integrity: sha512-sOLXy+mWRyu4LLv1onYydq+10mNRQ4rzqQxNhbrKLTLTcdcmS9hbWif0bGz/NavmiQfPs4ZcmQJp4WqOXlR4AQ==}

  '@supabase/node-fetch@2.6.15':
    resolution: {integrity: sha512-1ibVeYUacxWYi9i0cf5efil6adJ9WRyZBLivgjs+AUpewx1F3xPi7gLgaASI2SmIQxPoCEjAsLAzKPgMJVgOUQ==}
    engines: {node: 4.x || >=6.0.0}

  '@supabase/postgrest-js@1.16.3':
    resolution: {integrity: sha512-HI6dsbW68AKlOPofUjDTaosiDBCtW4XAm0D18pPwxoW3zKOE2Ru13Z69Wuys9fd6iTpfDViNco5sgrtnP0666A==}

  '@supabase/realtime-js@2.10.7':
    resolution: {integrity: sha512-OLI0hiSAqQSqRpGMTUwoIWo51eUivSYlaNBgxsXZE7PSoWh12wPRdVt0psUMaUzEonSB85K21wGc7W5jHnT6uA==}

  '@supabase/storage-js@2.7.1':
    resolution: {integrity: sha512-asYHcyDR1fKqrMpytAS1zjyEfvxuOIp1CIXX7ji4lHHcJKqyk+sLl/Vxgm4sN6u8zvuUtae9e4kDxQP2qrwWBA==}

  '@supabase/supabase-js@2.45.6':
    resolution: {integrity: sha512-qVXSSUhhIqdFnF2VUGgeecPvw1cDW6+avcTbRgur4LaGnzrJCbM3Rx7g81/SSZjjeqYOtmHuKWhiHzV/EN8Ktw==}

  '@types/node@22.7.7':
    resolution: {integrity: sha512-SRxCrrg9CL/y54aiMCG3edPKdprgMVGDXjA3gB8UmmBW5TcXzRUYAh8EWzTnSJFAd1rgImPELza+A3bJ+qxz8Q==}

  '@types/phoenix@1.6.5':
    resolution: {integrity: sha512-xegpDuR+z0UqG9fwHqNoy3rI7JDlvaPh2TY47Fl80oq6g+hXT+c/LEuE43X48clZ6lOfANl5WrPur9fYO1RJ/w==}

  '@types/ws@8.5.12':
    resolution: {integrity: sha512-3tPRkv1EtkDpzlgyKyI8pGsGZAGPEaXeu0DOj5DI25Ja91bdAYddYHbADRYVrZMRbfW+1l5YwXVDKohDJNQxkQ==}

  tr46@0.0.3:
    resolution: {integrity: sha512-N3WMsuqV66lT30CrXNbEjx4GEwlow3v6rr4mCcv6prnfwhS01rkgyFdjPNBYd9br7LpXV1+Emh01fHnq2Gdgrw==}

  undici-types@6.19.8:
    resolution: {integrity: sha512-ve2KP6f/JnbPBFyobGHuerC9g1FYGn/F8n1LWTwNxCEzd6IfqTwUQcNXgEtmmQ6DlRrC1hrSrBnCZPokRrDHjw==}

  webidl-conversions@3.0.1:
    resolution: {integrity: sha512-2JAn3z8AR6rjK8Sm8orRC0h/bcl/DqL7tRPdGZ4I1CjdF+EaMLmYxBHyXuKL849eucPFhvBoxMsflfOb8kxaeQ==}

  whatwg-url@5.0.0:
    resolution: {integrity: sha512-saE57nupxk6v3HY35+jzBwYa0rKSy0XR8JSxZPwgLr7ys0IBzhGviA1/TUGJLmSVqs8pb9AnvICXEuOHLprYTw==}

  ws@8.18.0:
    resolution: {integrity: sha512-8VbfWfHLbbwu3+N6OKsOMpBdT4kXPDDB9cJk2bJ6mh9ucxdlnNvH1e+roYkKmN9Nxw2yjz7VzeO9oOz2zJ04Pw==}
    engines: {node: '>=10.0.0'}
    peerDependencies:
      bufferutil: ^4.0.1
      utf-8-validate: '>=5.0.2'
    peerDependenciesMeta:
      bufferutil:
        optional: true
      utf-8-validate:
        optional: true

snapshots:

  '@supabase/auth-js@2.65.1':
    dependencies:
      '@supabase/node-fetch': 2.6.15

  '@supabase/functions-js@2.4.3':
    dependencies:
      '@supabase/node-fetch': 2.6.15

  '@supabase/node-fetch@2.6.15':
    dependencies:
      whatwg-url: 5.0.0

  '@supabase/postgrest-js@1.16.3':
    dependencies:
      '@supabase/node-fetch': 2.6.15

  '@supabase/realtime-js@2.10.7':
    dependencies:
      '@supabase/node-fetch': 2.6.15
      '@types/phoenix': 1.6.5
      '@types/ws': 8.5.12
      ws: 8.18.0
    transitivePeerDependencies:
      - bufferutil
      - utf-8-validate

  '@supabase/storage-js@2.7.1':
    dependencies:
      '@supabase/node-fetch': 2.6.15

  '@supabase/supabase-js@2.45.6':
    dependencies:
      '@supabase/auth-js': 2.65.1
      '@supabase/functions-js': 2.4.3
      '@supabase/node-fetch': 2.6.15
      '@supabase/postgrest-js': 1.16.3
      '@supabase/realtime-js': 2.10.7
      '@supabase/storage-js': 2.7.1
    transitivePeerDependencies:
      - bufferutil
      - utf-8-validate

  '@types/node@22.7.7':
    dependencies:
      undici-types: 6.19.8

  '@types/phoenix@1.6.5': {}

  '@types/ws@8.5.12':
    dependencies:
      '@types/node': 22.7.7

  tr46@0.0.3: {}

  undici-types@6.19.8: {}

  webidl-conversions@3.0.1: {}

  whatwg-url@5.0.0:
    dependencies:
      tr46: 0.0.3
      webidl-conversions: 3.0.1

  ws@8.18.0: {}
